
Microsoft Visual Studio Solution File, Format Version 12.00
# Visual Studio Version 17
VisualStudioVersion = 17.8.34511.84
MinimumVisualStudioVersion = 10.0.40219.1
Project("{FAE04EC0-301F-11D3-BF4B-00C04F79EFBC}") = "Задание 1", "Задание 1\Задание 1.csproj", "{38D69E84-1002-4D42-8048-02C3E294D5CD}"
EndProject
Project("{FAE04EC0-301F-11D3-BF4B-00C04F79EFBC}") = "Задание 2", "Задание 2\Задание 2.csproj", "{1E790235-6FF4-42A0-819A-A877DC3594F3}"
EndProject
Global
	GlobalSection(SolutionConfigurationPlatforms) = preSolution
		Debug|Any CPU = Debug|Any CPU
		Release|Any CPU = Release|Any CPU
	EndGlobalSection
	GlobalSection(ProjectConfigurationPlatforms) = postSolution
		{38D69E84-1002-4D42-8048-02C3E294D5CD}.Debug|Any CPU.ActiveCfg = Debug|Any CPU
		{38D69E84-1002-4D42-8048-02C3E294D5CD}.Debug|Any CPU.Build.0 = Debug|Any CPU
		{38D69E84-1002-4D42-8048-02C3E294D5CD}.Release|Any CPU.ActiveCfg = Release|Any CPU
		{38D69E84-1002-4D42-8048-02C3E294D5CD}.Release|Any CPU.Build.0 = Release|Any CPU
		{1E790235-6FF4-42A0-819A-A877DC3594F3}.Debug|Any CPU.ActiveCfg = Debug|Any CPU
		{1E790235-6FF4-42A0-819A-A877DC3594F3}.Debug|Any CPU.Build.0 = Debug|Any CPU
		{1E790235-6FF4-42A0-819A-A877DC3594F3}.Release|Any CPU.ActiveCfg = Release|Any CPU
		{1E790235-6FF4-42A0-819A-A877DC3594F3}.Release|Any CPU.Build.0 = Release|Any CPU
	EndGlobalSection
	GlobalSection(SolutionProperties) = preSolution
		HideSolutionNode = FALSE
	EndGlobalSection
	GlobalSection(ExtensibilityGlobals) = postSolution
		SolutionGuid = {991E70CC-4DB5-454E-9F16-97943264B83F}
	EndGlobalSection
EndGlobal
